dependencies:
- name: lagoon-build-deploy
  repository: https://uselagoon.github.io/lagoon-charts/
  version: 0.10.1
- name: dioscuri
  repository: https://amazeeio.github.io/charts/
  version: 0.3.2
- name: dbaas-operator
  repository: https://amazeeio.github.io/charts/
  version: 0.2.2
- name: lagoon-gatekeeper
  repository: https://uselagoon.github.io/lagoon-charts/
  version: 0.3.1
- name: lagoon-insights-remote
  repository: https://uselagoon.github.io/lagoon-charts/
  version: 0.1.1
- name: nats
  repository: https://nats-io.github.io/k8s/helm/charts/
  version: 0.14.2
digest: sha256:82f46c653598d3c859062de0396f5c41a9fbd0d2a256da3dc96b4472479f9d60
generated: "2022-03-15T13:25:26.589028482+08:00"
